
Microsoft Visual Studio Solution File, Format Version 12.00
# Visual Studio Version 16
VisualStudioVersion = 16.0.30413.136
MinimumVisualStudioVersion = 10.0.40219.1
Project("{9A19103F-16F7-4668-BE54-9A1E7A4F7556}") = "Identity", "Identity\Identity.csproj", "{0F2DEFE1-0273-46A8-9ED7-BEDCAA254255}"
EndProject
Project("{9A19103F-16F7-4668-BE54-9A1E7A4F7556}") = "Contracts", "Contracts\Contracts.csproj", "{A83E50CE-8E51-4125-B0E0-A7D7C9D7FB13}"
EndProject
Project("{9A19103F-16F7-4668-BE54-9A1E7A4F7556}") = "Entities", "Entities\Entities.csproj", "{4063B592-09A1-4726-8DE0-7B9D64B9D5BD}"
EndProject
Project("{FAE04EC0-301F-11D3-BF4B-00C04F79EFBC}") = "Repository", "Repository\Repository.csproj", "{DD3D5B89-9132-42AA-ADEA-21E1C5115620}"
EndProject
Global
	GlobalSection(SolutionConfigurationPlatforms) = preSolution
		Debug|Any CPU = Debug|Any CPU
		Release|Any CPU = Release|Any CPU
	EndGlobalSection
	GlobalSection(ProjectConfigurationPlatforms) = postSolution
		{0F2DEFE1-0273-46A8-9ED7-BEDCAA254255}.Debug|Any CPU.ActiveCfg = Debug|Any CPU
		{0F2DEFE1-0273-46A8-9ED7-BEDCAA254255}.Debug|Any CPU.Build.0 = Debug|Any CPU
		{0F2DEFE1-0273-46A8-9ED7-BEDCAA254255}.Release|Any CPU.ActiveCfg = Release|Any CPU
		{0F2DEFE1-0273-46A8-9ED7-BEDCAA254255}.Release|Any CPU.Build.0 = Release|Any CPU
		{A83E50CE-8E51-4125-B0E0-A7D7C9D7FB13}.Debug|Any CPU.ActiveCfg = Debug|Any CPU
		{A83E50CE-8E51-4125-B0E0-A7D7C9D7FB13}.Debug|Any CPU.Build.0 = Debug|Any CPU
		{A83E50CE-8E51-4125-B0E0-A7D7C9D7FB13}.Release|Any CPU.ActiveCfg = Release|Any CPU
		{A83E50CE-8E51-4125-B0E0-A7D7C9D7FB13}.Release|Any CPU.Build.0 = Release|Any CPU
		{4063B592-09A1-4726-8DE0-7B9D64B9D5BD}.Debug|Any CPU.ActiveCfg = Debug|Any CPU
		{4063B592-09A1-4726-8DE0-7B9D64B9D5BD}.Debug|Any CPU.Build.0 = Debug|Any CPU
		{4063B592-09A1-4726-8DE0-7B9D64B9D5BD}.Release|Any CPU.ActiveCfg = Release|Any CPU
		{4063B592-09A1-4726-8DE0-7B9D64B9D5BD}.Release|Any CPU.Build.0 = Release|Any CPU
		{DD3D5B89-9132-42AA-ADEA-21E1C5115620}.Debug|Any CPU.ActiveCfg = Debug|Any CPU
		{DD3D5B89-9132-42AA-ADEA-21E1C5115620}.Debug|Any CPU.Build.0 = Debug|Any CPU
		{DD3D5B89-9132-42AA-ADEA-21E1C5115620}.Release|Any CPU.ActiveCfg = Release|Any CPU
		{DD3D5B89-9132-42AA-ADEA-21E1C5115620}.Release|Any CPU.Build.0 = Release|Any CPU
	EndGlobalSection
	GlobalSection(SolutionProperties) = preSolution
		HideSolutionNode = FALSE
	EndGlobalSection
	GlobalSection(ExtensibilityGlobals) = postSolution
		SolutionGuid = {C0BA7ADC-04EF-489A-AE16-841E8F7E43CB}
	EndGlobalSection
EndGlobal
